
Microsoft Visual Studio Solution File, Format Version 12.00
# Visual Studio Version 17
VisualStudioVersion = 17.8.34322.80
MinimumVisualStudioVersion = 10.0.40219.1
Project("{FAE04EC0-301F-11D3-BF4B-00C04F79EFBC}") = "RabbitMQ-Producer", "..\RabbitMQ-Producer\RabbitMQ-Producer.csproj", "{87403D0D-1716-4117-8B87-ADBF62D753C8}"
EndProject
Global
	GlobalSection(SolutionConfigurationPlatforms) = preSolution
		Debug|Any CPU = Debug|Any CPU
		Release|Any CPU = Release|Any CPU
	EndGlobalSection
	GlobalSection(ProjectConfigurationPlatforms) = postSolution
		{87403D0D-1716-4117-8B87-ADBF62D753C8}.Debug|Any CPU.ActiveCfg = Debug|Any CPU
		{87403D0D-1716-4117-8B87-ADBF62D753C8}.Debug|Any CPU.Build.0 = Debug|Any CPU
		{87403D0D-1716-4117-8B87-ADBF62D753C8}.Release|Any CPU.ActiveCfg = Release|Any CPU
		{87403D0D-1716-4117-8B87-ADBF62D753C8}.Release|Any CPU.Build.0 = Release|Any CPU
	EndGlobalSection
	GlobalSection(SolutionProperties) = preSolution
		HideSolutionNode = FALSE
	EndGlobalSection
	GlobalSection(ExtensibilityGlobals) = postSolution
		SolutionGuid = {28CA3C7A-9078-4866-ABD8-6ADB0CA8FEC0}
	EndGlobalSection
EndGlobal
